# This file is generated by running "yarn install" inside your project.
# Manual changes might be lost - proceed with caution!

__metadata:
  version: 4

"date-fns@npm:^2.11.1":
  version: 2.11.1
  resolution: "date-fns@npm:2.11.1"
  checksum: 2/f52007ef1c87a257b88ef396e7b540594f6129924a1f7cda241f5953b201f1fddbb5e712dd9501c8662a242371c13cbcf13eee9ca89082611fbf78a58a221d4d
  languageName: node
  linkType: hard

"yarn-init-test@workspace:.":
  version: 0.0.0-use.local
  resolution: "yarn-init-test@workspace:."
  dependencies:
    date-fns: ^2.11.1
  languageName: unknown
  linkType: soft
